
Microsoft Visual Studio Solution File, Format Version 12.00
# Visual Studio 15
VisualStudioVersion = 15.0.28010.2041
MinimumVisualStudioVersion = 10.0.40219.1
Project("{9A19103F-16F7-4668-BE54-9A1E7A4F7556}") = "Monday.Client", "Monday.Client\Monday.Client.csproj", "{64FA5717-B6FE-480B-8DEC-5DCD6A8F8CF8}"
EndProject
Project("{9A19103F-16F7-4668-BE54-9A1E7A4F7556}") = "Monday.Client.Tests", "Monday.Client.Tests\Monday.Client.Tests.csproj", "{625E9046-9F92-4EED-AE70-4DE5B4C0734E}"
EndProject
Global
	GlobalSection(SolutionConfigurationPlatforms) = preSolution
		Debug|Any CPU = Debug|Any CPU
		Release|Any CPU = Release|Any CPU
	EndGlobalSection
	GlobalSection(ProjectConfigurationPlatforms) = postSolution
		{64FA5717-B6FE-480B-8DEC-5DCD6A8F8CF8}.Debug|Any CPU.ActiveCfg = Debug|Any CPU
		{64FA5717-B6FE-480B-8DEC-5DCD6A8F8CF8}.Debug|Any CPU.Build.0 = Debug|Any CPU
		{64FA5717-B6FE-480B-8DEC-5DCD6A8F8CF8}.Release|Any CPU.ActiveCfg = Release|Any CPU
		{64FA5717-B6FE-480B-8DEC-5DCD6A8F8CF8}.Release|Any CPU.Build.0 = Release|Any CPU
		{625E9046-9F92-4EED-AE70-4DE5B4C0734E}.Debug|Any CPU.ActiveCfg = Debug|Any CPU
		{625E9046-9F92-4EED-AE70-4DE5B4C0734E}.Debug|Any CPU.Build.0 = Debug|Any CPU
		{625E9046-9F92-4EED-AE70-4DE5B4C0734E}.Release|Any CPU.ActiveCfg = Release|Any CPU
		{625E9046-9F92-4EED-AE70-4DE5B4C0734E}.Release|Any CPU.Build.0 = Release|Any CPU
	EndGlobalSection
	GlobalSection(SolutionProperties) = preSolution
		HideSolutionNode = FALSE
	EndGlobalSection
	GlobalSection(ExtensibilityGlobals) = postSolution
		SolutionGuid = {2577269F-AF27-42BF-947F-6CDDD45BC860}
	EndGlobalSection
EndGlobal
